// !$*UTF8*$!
{
	archiveVersion = 1;
	classes = {
	};
	objectVersion = 46;
	objects = {

/* Begin PBXBuildFile section */
		416FE32E1EBE094200E03920 /* SplashWindow.framework in Frameworks */ = {isa = PBXBuildFile; fileRef = 416FE32C1EBE094200E03920 /* SplashWindow.framework */; };
		416FE32F1EBE094200E03920 /* SplashWindow.framework in Embed Frameworks */ = {isa = PBXBuildFile; fileRef = 416FE32C1EBE094200E03920 /* SplashWindow.framework */; settings = {ATTRIBUTES = (CodeSignOnCopy, RemoveHeadersOnCopy, ); }; };
		416FE3301EBE094200E03920 /* ZHExtensions.framework in Frameworks */ = {isa = PBXBuildFile; fileRef = 416FE32D1EBE094200E03920 /* ZHExtensions.framework */; };
		416FE3311EBE094200E03920 /* ZHExtensions.framework in Embed Frameworks */ = {isa = PBXBuildFile; fileRef = 416FE32D1EBE094200E03920 /* ZHExtensions.framework */; settings = {ATTRIBUTES = (CodeSignOnCopy, RemoveHeadersOnCopy, ); }; };
		41D5AC251EB6B85300F8779E /* Main.storyboard in Resources */ = {isa = PBXBuildFile; fileRef = 41D5AC231EB6B85300F8779E /* Main.storyboard */; };
		41D5AC271EB6B85300F8779E /* Assets.xcassets in Resources */ = {isa = PBXBuildFile; fileRef = 41D5AC261EB6B85300F8779E /* Assets.xcassets */; };
		41D5AC2A1EB6B85300F8779E /* LaunchScreen.storyboard in Resources */ = {isa = PBXBuildFile; fileRef = 41D5AC281EB6B85300F8779E /* LaunchScreen.storyboard */; };
		41D5AC351EB6B85300F8779E /* DemoTests.swift in Sources */ = {isa = PBXBuildFile; fileRef = 41D5AC341EB6B85300F8779E /* DemoTests.swift */; };
		41D5AC401EB6B85300F8779E /* DemoUITests.swift in Sources */ = {isa = PBXBuildFile; fileRef = 41D5AC3F1EB6B85300F8779E /* DemoUITests.swift */; };
		41D5AC581EB6B8C600F8779E /* AppDelegate.swift in Sources */ = {isa = PBXBuildFile; fileRef = 41D5AC4F1EB6B8C600F8779E /* AppDelegate.swift */; };
		41D5AC591EB6B8C600F8779E /* AuthFlowController.swift in Sources */ = {isa = PBXBuildFile; fileRef = 41D5AC501EB6B8C600F8779E /* AuthFlowController.swift */; };
		41D5AC5A1EB6B8C600F8779E /* AuthSettingsItem.swift in Sources */ = {isa = PBXBuildFile; fileRef = 41D5AC511EB6B8C600F8779E /* AuthSettingsItem.swift */; };
		41D5AC5B1EB6B8C600F8779E /* AuthSettingsViewController.swift in Sources */ = {isa = PBXBuildFile; fileRef = 41D5AC521EB6B8C600F8779E /* AuthSettingsViewController.swift */; };
		41D5AC5C1EB6B8C600F8779E /* GenericTableViewController.swift in Sources */ = {isa = PBXBuildFile; fileRef = 41D5AC531EB6B8C600F8779E /* GenericTableViewController.swift */; };
		41D5AC5D1EB6B8C600F8779E /* Login.storyboard in Resources */ = {isa = PBXBuildFile; fileRef = 41D5AC541EB6B8C600F8779E /* Login.storyboard */; };
		41D5AC5E1EB6B8C600F8779E /* LoginViewController.swift in Sources */ = {isa = PBXBuildFile; fileRef = 41D5AC551EB6B8C600F8779E /* LoginViewController.swift */; };
		41D5AC5F1EB6B8C600F8779E /* SharedSwitchTableViewCell.swift in Sources */ = {isa = PBXBuildFile; fileRef = 41D5AC561EB6B8C600F8779E /* SharedSwitchTableViewCell.swift */; };
		41D5AC601EB6B8C600F8779E /* SharedSwitchTableViewCell.xib in Resources */ = {isa = PBXBuildFile; fileRef = 41D5AC571EB6B8C600F8779E /* SharedSwitchTableViewCell.xib */; };
/* End PBXBuildFile section */

/* Begin PBXContainerItemProxy section */
		4182B8FB1EB97DDA004D1511 /* PBXContainerItemProxy */ = {
			isa = PBXContainerItemProxy;
			containerPortal = 4182B8F51EB97DDA004D1511 /* SplashWindow.xcodeproj */;
			proxyType = 2;
			remoteGlobalIDString = 415E566A1EB589C900BD2D5B;
			remoteInfo = SplashWindow;
		};
		4182B8FD1EB97DDA004D1511 /* PBXContainerItemProxy */ = {
			isa = PBXContainerItemProxy;
			containerPortal = 4182B8F51EB97DDA004D1511 /* SplashWindow.xcodeproj */;
			proxyType = 2;
			remoteGlobalIDString = 415E56731EB589C900BD2D5B;
			remoteInfo = SplashWindowTests;
		};
		41D5AC311EB6B85300F8779E /* PBXContainerItemProxy */ = {
			isa = PBXContainerItemProxy;
			containerPortal = 41D5AC141EB6B85300F8779E /* Project object */;
			proxyType = 1;
			remoteGlobalIDString = 41D5AC1B1EB6B85300F8779E;
			remoteInfo = Demo;
		};
		41D5AC3C1EB6B85300F8779E /* PBXContainerItemProxy */ = {
			isa = PBXContainerItemProxy;
			containerPortal = 41D5AC141EB6B85300F8779E /* Project object */;
			proxyType = 1;
			remoteGlobalIDString = 41D5AC1B1EB6B85300F8779E;
			remoteInfo = Demo;
		};
/* End PBXContainerItemProxy section */

/* Begin PBXCopyFilesBuildPhase section */
		410463B91EB97E7300515DFA /* Embed Frameworks */ = {
			isa = PBXCopyFilesBuildPhase;
			buildActionMask = 2147483647;
			dstPath = "";
			dstSubfolderSpec = 10;
			files = (
				416FE3311EBE094200E03920 /* ZHExtensions.framework in Embed Frameworks */,
				416FE32F1EBE094200E03920 /* SplashWindow.framework in Embed Frameworks */,
			);
			name = "Embed Frameworks";
			runOnlyForDeploymentPostprocessing = 0;
		};
/* End PBXCopyFilesBuildPhase section */

/* Begin PBXFileReference section */
		416FE32C1EBE094200E03920 /* SplashWindow.framework */ = {isa = PBXFileReference; lastKnownFileType = wrapper.framework; path = SplashWindow.framework; sourceTree = "<group>"; };
		416FE32D1EBE094200E03920 /* ZHExtensions.framework */ = {isa = PBXFileReference; lastKnownFileType = wrapper.framework; path = ZHExtensions.framework; sourceTree = "<group>"; };
		4182B8F51EB97DDA004D1511 /* SplashWindow.xcodeproj */ = {isa = PBXFileReference; lastKnownFileType = "wrapper.pb-project"; name = SplashWindow.xcodeproj; path = ../SplashWindow.xcodeproj; sourceTree = "<group>"; };
		41D5AC1C1EB6B85300F8779E /* Demo.app */ = {isa = PBXFileReference; explicitFileType = wrapper.application; includeInIndex = 0; path = Demo.app; sourceTree = BUILT_PRODUCTS_DIR; };
		41D5AC241EB6B85300F8779E /* Base */ = {isa = PBXFileReference; lastKnownFileType = file.storyboard; name = Base; path = Base.lproj/Main.storyboard; sourceTree = "<group>"; };
		41D5AC261EB6B85300F8779E /* Assets.xcassets */ = {isa = PBXFileReference; lastKnownFileType = folder.assetcatalog; path = Assets.xcassets; sourceTree = "<group>"; };
		41D5AC291EB6B85300F8779E /* Base */ = {isa = PBXFileReference; lastKnownFileType = file.storyboard; name = Base; path = Base.lproj/LaunchScreen.storyboard; sourceTree = "<group>"; };
		41D5AC2B1EB6B85300F8779E /* Info.plist */ = {isa = PBXFileReference; lastKnownFileType = text.plist.xml; path = Info.plist; sourceTree = "<group>"; };
		41D5AC301EB6B85300F8779E /* DemoTests.xctest */ = {isa = PBXFileReference; explicitFileType = wrapper.cfbundle; includeInIndex = 0; path = DemoTests.xctest; sourceTree = BUILT_PRODUCTS_DIR; };
		41D5AC341EB6B85300F8779E /* DemoTests.swift */ = {isa = PBXFileReference; lastKnownFileType = sourcecode.swift; path = DemoTests.swift; sourceTree = "<group>"; };
		41D5AC361EB6B85300F8779E /* Info.plist */ = {isa = PBXFileReference; lastKnownFileType = text.plist.xml; path = Info.plist; sourceTree = "<group>"; };
		41D5AC3B1EB6B85300F8779E /* DemoUITests.xctest */ = {isa = PBXFileReference; explicitFileType = wrapper.cfbundle; includeInIndex = 0; path = DemoUITests.xctest; sourceTree = BUILT_PRODUCTS_DIR; };
		41D5AC3F1EB6B85300F8779E /* DemoUITests.swift */ = {isa = PBXFileReference; lastKnownFileType = sourcecode.swift; path = DemoUITests.swift; sourceTree = "<group>"; };
		41D5AC411EB6B85300F8779E /* Info.plist */ = {isa = PBXFileReference; lastKnownFileType = text.plist.xml; path = Info.plist; sourceTree = "<group>"; };
		41D5AC4F1EB6B8C600F8779E /* AppDelegate.swift */ = {isa = PBXFileReference; fileEncoding = 4; lastKnownFileType = sourcecode.swift; path = AppDelegate.swift; sourceTree = "<group>"; };
		41D5AC501EB6B8C600F8779E /* AuthFlowController.swift */ = {isa = PBXFileReference; fileEncoding = 4; lastKnownFileType = sourcecode.swift; path = AuthFlowController.swift; sourceTree = "<group>"; };
		41D5AC511EB6B8C600F8779E /* AuthSettingsItem.swift */ = {isa = PBXFileReference; fileEncoding = 4; lastKnownFileType = sourcecode.swift; path = AuthSettingsItem.swift; sourceTree = "<group>"; };
		41D5AC521EB6B8C600F8779E /* AuthSettingsViewController.swift */ = {isa = PBXFileReference; fileEncoding = 4; lastKnownFileType = sourcecode.swift; path = AuthSettingsViewController.swift; sourceTree = "<group>"; };
		41D5AC531EB6B8C600F8779E /* GenericTableViewController.swift */ = {isa = PBXFileReference; fileEncoding = 4; lastKnownFileType = sourcecode.swift; path = GenericTableViewController.swift; sourceTree = "<group>"; };
		41D5AC541EB6B8C600F8779E /* Login.storyboard */ = {isa = PBXFileReference; fileEncoding = 4; lastKnownFileType = file.storyboard; path = Login.storyboard; sourceTree = "<group>"; };
		41D5AC551EB6B8C600F8779E /* LoginViewController.swift */ = {isa = PBXFileReference; fileEncoding = 4; lastKnownFileType = sourcecode.swift; path = LoginViewController.swift; sourceTree = "<group>"; };
		41D5AC561EB6B8C600F8779E /* SharedSwitchTableViewCell.swift */ = {isa = PBXFileReference; fileEncoding = 4; lastKnownFileType = sourcecode.swift; path = SharedSwitchTableViewCell.swift; sourceTree = "<group>"; };
		41D5AC571EB6B8C600F8779E /* SharedSwitchTableViewCell.xib */ = {isa = PBXFileReference; fileEncoding = 4; lastKnownFileType = file.xib; path = SharedSwitchTableViewCell.xib; sourceTree = "<group>"; };
/* End PBXFileReference section */

/* Begin PBXFrameworksBuildPhase section */
		41D5AC191EB6B85300F8779E /* Frameworks */ = {
			isa = PBXFrameworksBuildPhase;
			buildActionMask = 2147483647;
			files = (
				416FE3301EBE094200E03920 /* ZHExtensions.framework in Frameworks */,
				416FE32E1EBE094200E03920 /* SplashWindow.framework in Frameworks */,
			);
			runOnlyForDeploymentPostprocessing = 0;
		};
		41D5AC2D1EB6B85300F8779E /* Frameworks */ = {
			isa = PBXFrameworksBuildPhase;
			buildActionMask = 2147483647;
			files = (
			);
			runOnlyForDeploymentPostprocessing = 0;
		};
		41D5AC381EB6B85300F8779E /* Frameworks */ = {
			isa = PBXFrameworksBuildPhase;
			buildActionMask = 2147483647;
			files = (
			);
			runOnlyForDeploymentPostprocessing = 0;
		};
/* End PBXFrameworksBuildPhase section */

/* Begin PBXGroup section */
		4182B8F21EB96F5D004D1511 /* Frameworks */ = {
			isa = PBXGroup;
			children = (
				416FE32C1EBE094200E03920 /* SplashWindow.framework */,
				416FE32D1EBE094200E03920 /* ZHExtensions.framework */,
			);
			name = Frameworks;
			sourceTree = "<group>";
		};
		4182B8F61EB97DDA004D1511 /* Products */ = {
			isa = PBXGroup;
			children = (
				4182B8FC1EB97DDA004D1511 /* SplashWindow.framework */,
				4182B8FE1EB97DDA004D1511 /* SplashWindowTests.xctest */,
			);
			name = Products;
			sourceTree = "<group>";
		};
		41C306631EBC09A80051C98F /* initialViewController */ = {
			isa = PBXGroup;
			children = (
				41D5AC521EB6B8C600F8779E /* AuthSettingsViewController.swift */,
			);
			name = initialViewController;
			sourceTree = "<group>";
		};
		41D5AC131EB6B85300F8779E = {
			isa = PBXGroup;
			children = (
				41D5AC1E1EB6B85300F8779E /* Demo */,
				41D5AC331EB6B85300F8779E /* DemoTests */,
				41D5AC3E1EB6B85300F8779E /* DemoUITests */,
				41D5AC1D1EB6B85300F8779E /* Products */,
				4182B8F21EB96F5D004D1511 /* Frameworks */,
				4182B8F51EB97DDA004D1511 /* SplashWindow.xcodeproj */,
			);
			sourceTree = "<group>";
		};
		41D5AC1D1EB6B85300F8779E /* Products */ = {
			isa = PBXGroup;
			children = (
				41D5AC1C1EB6B85300F8779E /* Demo.app */,
				41D5AC301EB6B85300F8779E /* DemoTests.xctest */,
				41D5AC3B1EB6B85300F8779E /* DemoUITests.xctest */,
			);
			name = Products;
			sourceTree = "<group>";
		};
		41D5AC1E1EB6B85300F8779E /* Demo */ = {
			isa = PBXGroup;
			children = (
				41D5AC4F1EB6B8C600F8779E /* AppDelegate.swift */,
				41D5AC4E1EB6B89400F8779E /* AuthSetting */,
				41D5AC4D1EB6B87B00F8779E /* Resource */,
			);
			path = Demo;
			sourceTree = "<group>";
		};
		41D5AC331EB6B85300F8779E /* DemoTests */ = {
			isa = PBXGroup;
			children = (
				41D5AC341EB6B85300F8779E /* DemoTests.swift */,
				41D5AC361EB6B85300F8779E /* Info.plist */,
			);
			path = DemoTests;
			sourceTree = "<group>";
		};
		41D5AC3E1EB6B85300F8779E /* DemoUITests */ = {
			isa = PBXGroup;
			children = (
				41D5AC3F1EB6B85300F8779E /* DemoUITests.swift */,
				41D5AC411EB6B85300F8779E /* Info.plist */,
			);
			path = DemoUITests;
			sourceTree = "<group>";
		};
		41D5AC4D1EB6B87B00F8779E /* Resource */ = {
			isa = PBXGroup;
			children = (
				41D5AC231EB6B85300F8779E /* Main.storyboard */,
				41D5AC261EB6B85300F8779E /* Assets.xcassets */,
				41D5AC281EB6B85300F8779E /* LaunchScreen.storyboard */,
				41D5AC2B1EB6B85300F8779E /* Info.plist */,
			);
			name = Resource;
			sourceTree = "<group>";
		};
		41D5AC4E1EB6B89400F8779E /* AuthSetting */ = {
			isa = PBXGroup;
			children = (
				41C306631EBC09A80051C98F /* initialViewController */,
				41D5AC501EB6B8C600F8779E /* AuthFlowController.swift */,
				41D5AC511EB6B8C600F8779E /* AuthSettingsItem.swift */,
				41D5AC531EB6B8C600F8779E /* GenericTableViewController.swift */,
				41D5AC541EB6B8C600F8779E /* Login.storyboard */,
				41D5AC551EB6B8C600F8779E /* LoginViewController.swift */,
				41D5AC561EB6B8C600F8779E /* SharedSwitchTableViewCell.swift */,
				41D5AC571EB6B8C600F8779E /* SharedSwitchTableViewCell.xib */,
			);
			name = AuthSetting;
			sourceTree = "<group>";
		};
/* End PBXGroup section */

/* Begin PBXNativeTarget section */
		41D5AC1B1EB6B85300F8779E /* Demo */ = {
			isa = PBXNativeTarget;
			buildConfigurationList = 41D5AC441EB6B85300F8779E /* Build configuration list for PBXNativeTarget "Demo" */;
			buildPhases = (
				41D5AC181EB6B85300F8779E /* Sources */,
				41D5AC191EB6B85300F8779E /* Frameworks */,
				41D5AC1A1EB6B85300F8779E /* Resources */,
				410463B91EB97E7300515DFA /* Embed Frameworks */,
			);
			buildRules = (
			);
			dependencies = (
			);
			name = Demo;
			productName = Demo;
			productReference = 41D5AC1C1EB6B85300F8779E /* Demo.app */;
			productType = "com.apple.product-type.application";
		};
		41D5AC2F1EB6B85300F8779E /* DemoTests */ = {
			isa = PBXNativeTarget;
			buildConfigurationList = 41D5AC471EB6B85300F8779E /* Build configuration list for PBXNativeTarget "DemoTests" */;
			buildPhases = (
				41D5AC2C1EB6B85300F8779E /* Sources */,
				41D5AC2D1EB6B85300F8779E /* Frameworks */,
				41D5AC2E1EB6B85300F8779E /* Resources */,
			);
			buildRules = (
			);
			dependencies = (
				41D5AC321EB6B85300F8779E /* PBXTargetDependency */,
			);
			name = DemoTests;
			productName = DemoTests;
			productReference = 41D5AC301EB6B85300F8779E /* DemoTests.xctest */;
			productType = "com.apple.product-type.bundle.unit-test";
		};
		41D5AC3A1EB6B85300F8779E /* DemoUITests */ = {
			isa = PBXNativeTarget;
			buildConfigurationList = 41D5AC4A1EB6B85300F8779E /* Build configuration list for PBXNativeTarget "DemoUITests" */;
			buildPhases = (
				41D5AC371EB6B85300F8779E /* Sources */,
				41D5AC381EB6B85300F8779E /* Frameworks */,
				41D5AC391EB6B85300F8779E /* Resources */,
			);
			buildRules = (
			);
			dependencies = (
				41D5AC3D1EB6B85300F8779E /* PBXTargetDependency */,
			);
			name = DemoUITests;
			productName = DemoUITests;
			productReference = 41D5AC3B1EB6B85300F8779E /* DemoUITests.xctest */;
			productType = "com.apple.product-type.bundle.ui-testing";
		};
/* End PBXNativeTarget section */

/* Begin PBXProject section */
		41D5AC141EB6B85300F8779E /* Project object */ = {
			isa = PBXProject;
			attributes = {
				LastSwiftUpdateCheck = 0830;
				LastUpgradeCheck = 0830;
				ORGANIZATIONNAME = "Hao Zheng";
				TargetAttributes = {
					41D5AC1B1EB6B85300F8779E = {
						CreatedOnToolsVersion = 8.3.1;
						DevelopmentTeam = 4B6J56772J;
						LastSwiftMigration = 0830;
						ProvisioningStyle = Automatic;
					};
					41D5AC2F1EB6B85300F8779E = {
						CreatedOnToolsVersion = 8.3.1;
						DevelopmentTeam = 4B6J56772J;
						ProvisioningStyle = Automatic;
						TestTargetID = 41D5AC1B1EB6B85300F8779E;
					};
					41D5AC3A1EB6B85300F8779E = {
						CreatedOnToolsVersion = 8.3.1;
						DevelopmentTeam = 4B6J56772J;
						ProvisioningStyle = Automatic;
						TestTargetID = 41D5AC1B1EB6B85300F8779E;
					};
				};
			};
			buildConfigurationList = 41D5AC171EB6B85300F8779E /* Build configuration list for PBXProject "Demo" */;
			compatibilityVersion = "Xcode 3.2";
			developmentRegion = English;
			hasScannedForEncodings = 0;
			knownRegions = (
				en,
				Base,
			);
			mainGroup = 41D5AC131EB6B85300F8779E;
			productRefGroup = 41D5AC1D1EB6B85300F8779E /* Products */;
			projectDirPath = "";
			projectReferences = (
				{
					ProductGroup = 4182B8F61EB97DDA004D1511 /* Products */;
					ProjectRef = 4182B8F51EB97DDA004D1511 /* SplashWindow.xcodeproj */;
				},
			);
			projectRoot = "";
			targets = (
				41D5AC1B1EB6B85300F8779E /* Demo */,
				41D5AC2F1EB6B85300F8779E /* DemoTests */,
				41D5AC3A1EB6B85300F8779E /* DemoUITests */,
			);
		};
/* End PBXProject section */

/* Begin PBXReferenceProxy section */
		4182B8FC1EB97DDA004D1511 /* SplashWindow.framework */ = {
			isa = PBXReferenceProxy;
			fileType = wrapper.framework;
			path = SplashWindow.framework;
			remoteRef = 4182B8FB1EB97DDA004D1511 /* PBXContainerItemProxy */;
			sourceTree = BUILT_PRODUCTS_DIR;
		};
		4182B8FE1EB97DDA004D1511 /* SplashWindowTests.xctest */ = {
			isa = PBXReferenceProxy;
			fileType = wrapper.cfbundle;
			path = SplashWindowTests.xctest;
			remoteRef = 4182B8FD1EB97DDA004D1511 /* PBXContainerItemProxy */;
			sourceTree = BUILT_PRODUCTS_DIR;
		};
/* End PBXReferenceProxy section */

/* Begin PBXResourcesBuildPhase section */
		41D5AC1A1EB6B85300F8779E /* Resources */ = {
			isa = PBXResourcesBuildPhase;
			buildActionMask = 2147483647;
			files = (
				41D5AC5D1EB6B8C600F8779E /* Login.storyboard in Resources */,
				41D5AC601EB6B8C600F8779E /* SharedSwitchTableViewCell.xib in Resources */,
				41D5AC2A1EB6B85300F8779E /* LaunchScreen.storyboard in Resources */,
				41D5AC271EB6B85300F8779E /* Assets.xcassets in Resources */,
				41D5AC251EB6B85300F8779E /* Main.storyboard in Resources */,
			);
			runOnlyForDeploymentPostprocessing = 0;
		};
		41D5AC2E1EB6B85300F8779E /* Resources */ = {
			isa = PBXResourcesBuildPhase;
			buildActionMask = 2147483647;
			files = (
			);
			runOnlyForDeploymentPostprocessing = 0;
		};
		41D5AC391EB6B85300F8779E /* Resources */ = {
			isa = PBXResourcesBuildPhase;
			buildActionMask = 2147483647;
			files = (
			);
			runOnlyForDeploymentPostprocessing = 0;
		};
/* End PBXResourcesBuildPhase section */

/* Begin PBXSourcesBuildPhase section */
		41D5AC181EB6B85300F8779E /* Sources */ = {
			isa = PBXSourcesBuildPhase;
			buildActionMask = 2147483647;
			files = (
				41D5AC5E1EB6B8C600F8779E /* LoginViewController.swift in Sources */,
				41D5AC5C1EB6B8C600F8779E /* GenericTableViewController.swift in Sources */,
				41D5AC581EB6B8C600F8779E /* AppDelegate.swift in Sources */,
				41D5AC591EB6B8C600F8779E /* AuthFlowController.swift in Sources */,
				41D5AC5F1EB6B8C600F8779E /* SharedSwitchTableViewCell.swift in Sources */,
				41D5AC5B1EB6B8C600F8779E /* AuthSettingsViewController.swift in Sources */,
				41D5AC5A1EB6B8C600F8779E /* AuthSettingsItem.swift in Sources */,
			);
			runOnlyForDeploymentPostprocessing = 0;
		};
		41D5AC2C1EB6B85300F8779E /* Sources */ = {
			isa = PBXSourcesBuildPhase;
			buildActionMask = 2147483647;
			files = (
				41D5AC351EB6B85300F8779E /* DemoTests.swift in Sources */,
			);
			runOnlyForDeploymentPostprocessing = 0;
		};
		41D5AC371EB6B85300F8779E /* Sources */ = {
			isa = PBXSourcesBuildPhase;
			buildActionMask = 2147483647;
			files = (
				41D5AC401EB6B85300F8779E /* DemoUITests.swift in Sources */,
			);
			runOnlyForDeploymentPostprocessing = 0;
		};
/* End PBXSourcesBuildPhase section */

/* Begin PBXTargetDependency section */
		41D5AC321EB6B85300F8779E /* PBXTargetDependency */ = {
			isa = PBXTargetDependency;
			target = 41D5AC1B1EB6B85300F8779E /* Demo */;
			targetProxy = 41D5AC311EB6B85300F8779E /* PBXContainerItemProxy */;
		};
		41D5AC3D1EB6B85300F8779E /* PBXTargetDependency */ = {
			isa = PBXTargetDependency;
			target = 41D5AC1B1EB6B85300F8779E /* Demo */;
			targetProxy = 41D5AC3C1EB6B85300F8779E /* PBXContainerItemProxy */;
		};
/* End PBXTargetDependency section */

/* Begin PBXVariantGroup section */
		41D5AC231EB6B85300F8779E /* Main.storyboard */ = {
			isa = PBXVariantGroup;
			children = (
				41D5AC241EB6B85300F8779E /* Base */,
			);
			name = Main.storyboard;
			sourceTree = "<group>";
		};
		41D5AC281EB6B85300F8779E /* LaunchScreen.storyboard */ = {
			isa = PBXVariantGroup;
			children = (
				41D5AC291EB6B85300F8779E /* Base */,
			);
			name = LaunchScreen.storyboard;
			sourceTree = "<group>";
		};
/* End PBXVariantGroup section */

/* Begin XCBuildConfiguration section */
		41D5AC421EB6B85300F8779E /* Debug */ = {
			isa = XCBuildConfiguration;
			buildSettings = {
				ALWAYS_SEARCH_USER_PATHS = NO;
				CLANG_ANALYZER_NONNULL = YES;
				CLANG_ANALYZER_NUMBER_OBJECT_CONVERSION = YES_AGGRESSIVE;
				CLANG_CXX_LANGUAGE_STANDARD = "gnu++0x";
				CLANG_CXX_LIBRARY = "libc++";
				CLANG_ENABLE_MODULES = YES;
				CLANG_ENABLE_OBJC_ARC = YES;
				CLANG_WARN_BOOL_CONVERSION = YES;
				CLANG_WARN_CONSTANT_CONVERSION = YES;
				CLANG_WARN_DIRECT_OBJC_ISA_USAGE = YES_ERROR;
				CLANG_WARN_DOCUMENTATION_COMMENTS = YES;
				CLANG_WARN_EMPTY_BODY = YES;
				CLANG_WARN_ENUM_CONVERSION = YES;
				CLANG_WARN_INFINITE_RECURSION = YES;
				CLANG_WARN_INT_CONVERSION = YES;
				CLANG_WARN_OBJC_ROOT_CLASS = YES_ERROR;
				CLANG_WARN_SUSPICIOUS_MOVE = YES;
				CLANG_WARN_UNREACHABLE_CODE = YES;
				CLANG_WARN__DUPLICATE_METHOD_MATCH = YES;
				"CODE_SIGN_IDENTITY[sdk=iphoneos*]" = "iPhone Developer";
				COPY_PHASE_STRIP = NO;
				DEBUG_INFORMATION_FORMAT = dwarf;
				ENABLE_STRICT_OBJC_MSGSEND = YES;
				ENABLE_TESTABILITY = YES;
				GCC_C_LANGUAGE_STANDARD = gnu99;
				GCC_DYNAMIC_NO_PIC = NO;
				GCC_NO_COMMON_BLOCKS = YES;
				GCC_OPTIMIZATION_LEVEL = 0;
				GCC_PREPROCESSOR_DEFINITIONS = (
					"DEBUG=1",
					"$(inherited)",
				);
				GCC_WARN_64_TO_32_BIT_CONVERSION = YES;
				GCC_WARN_ABOUT_RETURN_TYPE = YES_ERROR;
				GCC_WARN_UNDECLARED_SELECTOR = YES;
				GCC_WARN_UNINITIALIZED_AUTOS = YES_AGGRESSIVE;
				GCC_WARN_UNUSED_FUNCTION = YES;
				GCC_WARN_UNUSED_VARIABLE = YES;
				IPHONEOS_DEPLOYMENT_TARGET = 10.3;
				MTL_ENABLE_DEBUG_INFO = YES;
				ONLY_ACTIVE_ARCH = YES;
				SDKROOT = iphoneos;
				SWIFT_ACTIVE_COMPILATION_CONDITIONS = DEBUG;
				SWIFT_OPTIMIZATION_LEVEL = "-Onone";
				TARGETED_DEVICE_FAMILY = "1,2";
			};
			name = Debug;
		};
		41D5AC431EB6B85300F8779E /* Release */ = {
			isa = XCBuildConfiguration;
			buildSettings = {
				ALWAYS_SEARCH_USER_PATHS = NO;
				CLANG_ANALYZER_NONNULL = YES;
				CLANG_ANALYZER_NUMBER_OBJECT_CONVERSION = YES_AGGRESSIVE;
				CLANG_CXX_LANGUAGE_STANDARD = "gnu++0x";
				CLANG_CXX_LIBRARY = "libc++";
				CLANG_ENABLE_MODULES = YES;
				CLANG_ENABLE_OBJC_ARC = YES;
				CLANG_WARN_BOOL_CONVERSION = YES;
				CLANG_WARN_CONSTANT_CONVERSION = YES;
				CLANG_WARN_DIRECT_OBJC_ISA_USAGE = YES_ERROR;
				CLANG_WARN_DOCUMENTATION_COMMENTS = YES;
				CLANG_WARN_EMPTY_BODY = YES;
				CLANG_WARN_ENUM_CONVERSION = YES;
				CLANG_WARN_INFINITE_RECURSION = YES;
				CLANG_WARN_INT_CONVERSION = YES;
				CLANG_WARN_OBJC_ROOT_CLASS = YES_ERROR;
				CLANG_WARN_SUSPICIOUS_MOVE = YES;
				CLANG_WARN_UNREACHABLE_CODE = YES;
				CLANG_WARN__DUPLICATE_METHOD_MATCH = YES;
				"CODE_SIGN_IDENTITY[sdk=iphoneos*]" = "iPhone Developer";
				COPY_PHASE_STRIP = NO;
				DEBUG_INFORMATION_FORMAT = "dwarf-with-dsym";
				ENABLE_NS_ASSERTIONS = NO;
				ENABLE_STRICT_OBJC_MSGSEND = YES;
				GCC_C_LANGUAGE_STANDARD = gnu99;
				GCC_NO_COMMON_BLOCKS = YES;
				GCC_WARN_64_TO_32_BIT_CONVERSION = YES;
				GCC_WARN_ABOUT_RETURN_TYPE = YES_ERROR;
				GCC_WARN_UNDECLARED_SELECTOR = YES;
				GCC_WARN_UNINITIALIZED_AUTOS = YES_AGGRESSIVE;
				GCC_WARN_UNUSED_FUNCTION = YES;
				GCC_WARN_UNUSED_VARIABLE = YES;
				IPHONEOS_DEPLOYMENT_TARGET = 10.3;
				MTL_ENABLE_DEBUG_INFO = NO;
				SDKROOT = iphoneos;
				SWIFT_OPTIMIZATION_LEVEL = "-Owholemodule";
				TARGETED_DEVICE_FAMILY = "1,2";
				VALIDATE_PRODUCT = YES;
			};
			name = Release;
		};
		41D5AC451EB6B85300F8779E /* Debug */ = {
			isa = XCBuildConfiguration;
			buildSettings = {
				ASSETCATALOG_COMPILER_APPICON_NAME = AppIcon;
				CLANG_ENABLE_MODULES = YES;
				DEVELOPMENT_TEAM = 4B6J56772J;
				FRAMEWORK_SEARCH_PATHS = (
					"$(inherited)",
					"$(PROJECT_DIR)",
				);
				INFOPLIST_FILE = Demo/Info.plist;
				IPHONEOS_DEPLOYMENT_TARGET = 10.0;
				LD_RUNPATH_SEARCH_PATHS = "$(inherited) @executable_path/Frameworks";
				PRODUCT_BUNDLE_IDENTIFIER = com.Planhola.Demo;
				PRODUCT_NAME = "$(TARGET_NAME)";
				SWIFT_OPTIMIZATION_LEVEL = "-Onone";
				SWIFT_VERSION = 3.0;
			};
			name = Debug;
		};
		41D5AC461EB6B85300F8779E /* Release */ = {
			isa = XCBuildConfiguration;
			buildSettings = {
				ASSETCATALOG_COMPILER_APPICON_NAME = AppIcon;
				CLANG_ENABLE_MODULES = YES;
				DEVELOPMENT_TEAM = 4B6J56772J;
				FRAMEWORK_SEARCH_PATHS = (
					"$(inherited)",
					"$(PROJECT_DIR)",
				);
				INFOPLIST_FILE = Demo/Info.plist;
				IPHONEOS_DEPLOYMENT_TARGET = 10.0;
				LD_RUNPATH_SEARCH_PATHS = "$(inherited) @executable_path/Frameworks";
				PRODUCT_BUNDLE_IDENTIFIER = com.Planhola.Demo;
				PRODUCT_NAME = "$(TARGET_NAME)";
				SWIFT_VERSION = 3.0;
			};
			name = Release;
		};
		41D5AC481EB6B85300F8779E /* Debug */ = {
			isa = XCBuildConfiguration;
			buildSettings = {
				ALWAYS_EMBED_SWIFT_STANDARD_LIBRARIES = YES;
				BUNDLE_LOADER = "$(TEST_HOST)";
				DEVELOPMENT_TEAM = 4B6J56772J;
				INFOPLIST_FILE = DemoTests/Info.plist;
				LD_RUNPATH_SEARCH_PATHS = "$(inherited) @executable_path/Frameworks @loader_path/Frameworks";
				PRODUCT_BUNDLE_IDENTIFIER = com.Planhola.DemoTests;
				PRODUCT_NAME = "$(TARGET_NAME)";
				SWIFT_VERSION = 3.0;
				TEST_HOST = "$(BUILT_PRODUCTS_DIR)/Demo.app/Demo";
			};
			name = Debug;
		};
		41D5AC491EB6B85300F8779E /* Release */ = {
			isa = XCBuildConfiguration;
			buildSettings = {
				ALWAYS_EMBED_SWIFT_STANDARD_LIBRARIES = YES;
				BUNDLE_LOADER = "$(TEST_HOST)";
				DEVELOPMENT_TEAM = 4B6J56772J;
				INFOPLIST_FILE = DemoTests/Info.plist;
				LD_RUNPATH_SEARCH_PATHS = "$(inherited) @executable_path/Frameworks @loader_path/Frameworks";
				PRODUCT_BUNDLE_IDENTIFIER = com.Planhola.DemoTests;
				PRODUCT_NAME = "$(TARGET_NAME)";
				SWIFT_VERSION = 3.0;
				TEST_HOST = "$(BUILT_PRODUCTS_DIR)/Demo.app/Demo";
			};
			name = Release;
		};
		41D5AC4B1EB6B85300F8779E /* Debug */ = {
			isa = XCBuildConfiguration;
			buildSettings = {
				ALWAYS_EMBED_SWIFT_STANDARD_LIBRARIES = YES;
				DEVELOPMENT_TEAM = 4B6J56772J;
				INFOPLIST_FILE = DemoUITests/Info.plist;
				LD_RUNPATH_SEARCH_PATHS = "$(inherited) @executable_path/Frameworks @loader_path/Frameworks";
				PRODUCT_BUNDLE_IDENTIFIER = com.Planhola.DemoUITests;
				PRODUCT_NAME = "$(TARGET_NAME)";
				SWIFT_VERSION = 3.0;
				TEST_TARGET_NAME = Demo;
			};
			name = Debug;
		};
		41D5AC4C1EB6B85300F8779E /* Release */ = {
			isa = XCBuildConfiguration;
			buildSettings = {
				ALWAYS_EMBED_SWIFT_STANDARD_LIBRARIES = YES;
				DEVELOPMENT_TEAM = 4B6J56772J;
				INFOPLIST_FILE = DemoUITests/Info.plist;
				LD_RUNPATH_SEARCH_PATHS = "$(inherited) @executable_path/Frameworks @loader_path/Frameworks";
				PRODUCT_BUNDLE_IDENTIFIER = com.Planhola.DemoUITests;
				PRODUCT_NAME = "$(TARGET_NAME)";
				SWIFT_VERSION = 3.0;
				TEST_TARGET_NAME = Demo;
			};
			name = Release;
		};
/* End XCBuildConfiguration section */

/* Begin XCConfigurationList section */
		41D5AC171EB6B85300F8779E /* Build configuration list for PBXProject "Demo" */ = {
			isa = XCConfigurationList;
			buildConfigurations = (
				41D5AC421EB6B85300F8779E /* Debug */,
				41D5AC431EB6B85300F8779E /* Release */,
			);
			defaultConfigurationIsVisible = 0;
			defaultConfigurationName = Release;
		};
		41D5AC441EB6B85300F8779E /* Build configuration list for PBXNativeTarget "Demo" */ = {
			isa = XCConfigurationList;
			buildConfigurations = (
				41D5AC451EB6B85300F8779E /* Debug */,
				41D5AC461EB6B85300F8779E /* Release */,
			);
			defaultConfigurationIsVisible = 0;
			defaultConfigurationName = Release;
		};
		41D5AC471EB6B85300F8779E /* Build configuration list for PBXNativeTarget "DemoTests" */ = {
			isa = XCConfigurationList;
			buildConfigurations = (
				41D5AC481EB6B85300F8779E /* Debug */,
				41D5AC491EB6B85300F8779E /* Release */,
			);
			defaultConfigurationIsVisible = 0;
			defaultConfigurationName = Release;
		};
		41D5AC4A1EB6B85300F8779E /* Build configuration list for PBXNativeTarget "DemoUITests" */ = {
			isa = XCConfigurationList;
			buildConfigurations = (
				41D5AC4B1EB6B85300F8779E /* Debug */,
				41D5AC4C1EB6B85300F8779E /* Release */,
			);
			defaultConfigurationIsVisible = 0;
			defaultConfigurationName = Release;
		};
/* End XCConfigurationList section */
	};
	rootObject = 41D5AC141EB6B85300F8779E /* Project object */;
}
